// !$*UTF8*$!
{
	archiveVersion = 1;
	classes = {
	};
	objectVersion = 46;
	objects = {

/* Begin PBXBuildFile section */
		3A85B3641E2B780F001155F6 /* AppDelegate.swift in Sources */ = {isa = PBXBuildFile; fileRef = 3A85B3631E2B780F001155F6 /* AppDelegate.swift */; };
		3A85B3661E2B780F001155F6 /* ViewController.swift in Sources */ = {isa = PBXBuildFile; fileRef = 3A85B3651E2B780F001155F6 /* ViewController.swift */; };
		3A85B3691E2B780F001155F6 /* Main.storyboard in Resources */ = {isa = PBXBuildFile; fileRef = 3A85B3671E2B780F001155F6 /* Main.storyboard */; };
		3A85B36B1E2B780F001155F6 /* Assets.xcassets in Resources */ = {isa = PBXBuildFile; fileRef = 3A85B36A1E2B780F001155F6 /* Assets.xcassets */; };
		3A85B36E1E2B780F001155F6 /* LaunchScreen.storyboard in Resources */ = {isa = PBXBuildFile; fileRef = 3A85B36C1E2B780F001155F6 /* LaunchScreen.storyboard */; };
		3A85B3791E2B780F001155F6 /* GitExampleAppTests.swift in Sources */ = {isa = PBXBuildFile; fileRef = 3A85B3781E2B780F001155F6 /* GitExampleAppTests.swift */; };
		3A85B3841E2B780F001155F6 /* GitExampleAppUITests.swift in Sources */ = {isa = PBXBuildFile; fileRef = 3A85B3831E2B780F001155F6 /* GitExampleAppUITests.swift */; };
/* End PBXBuildFile section */

/* Begin PBXContainerItemProxy section */
		3A85B3751E2B780F001155F6 /* PBXContainerItemProxy */ = {
			isa = PBXContainerItemProxy;
			containerPortal = 3A85B3581E2B780F001155F6 /* Project object */;
			proxyType = 1;
			remoteGlobalIDString = 3A85B35F1E2B780F001155F6;
			remoteInfo = GitExampleApp;
		};
		3A85B3801E2B780F001155F6 /* PBXContainerItemProxy */ = {
			isa = PBXContainerItemProxy;
			containerPortal = 3A85B3581E2B780F001155F6 /* Project object */;
			proxyType = 1;
			remoteGlobalIDString = 3A85B35F1E2B780F001155F6;
			remoteInfo = GitExampleApp;
		};
/* End PBXContainerItemProxy section */

/* Begin PBXFileReference section */
		3A85B3601E2B780F001155F6 /* GitExampleApp.app */ = {isa = PBXFileReference; explicitFileType = wrapper.application; includeInIndex = 0; path = GitExampleApp.app; sourceTree = BUILT_PRODUCTS_DIR; };
		3A85B3631E2B780F001155F6 /* AppDelegate.swift */ = {isa = PBXFileReference; lastKnownFileType = sourcecode.swift; path = AppDelegate.swift; sourceTree = "<group>"; };
		3A85B3651E2B780F001155F6 /* ViewController.swift */ = {isa = PBXFileReference; lastKnownFileType = sourcecode.swift; path = ViewController.swift; sourceTree = "<group>"; };
		3A85B3681E2B780F001155F6 /* Base */ = {isa = PBXFileReference; lastKnownFileType = file.storyboard; name = Base; path = Base.lproj/Main.storyboard; sourceTree = "<group>"; };
		3A85B36A1E2B780F001155F6 /* Assets.xcassets */ = {isa = PBXFileReference; lastKnownFileType = folder.assetcatalog; path = Assets.xcassets; sourceTree = "<group>"; };
		3A85B36D1E2B780F001155F6 /* Base */ = {isa = PBXFileReference; lastKnownFileType = file.storyboard; name = Base; path = Base.lproj/LaunchScreen.storyboard; sourceTree = "<group>"; };
		3A85B36F1E2B780F001155F6 /* Info.plist */ = {isa = PBXFileReference; lastKnownFileType = text.plist.xml; path = Info.plist; sourceTree = "<group>"; };
		3A85B3741E2B780F001155F6 /* GitExampleAppTests.xctest */ = {isa = PBXFileReference; explicitFileType = wrapper.cfbundle; includeInIndex = 0; path = GitExampleAppTests.xctest; sourceTree = BUILT_PRODUCTS_DIR; };
		3A85B3781E2B780F001155F6 /* GitExampleAppTests.swift */ = {isa = PBXFileReference; lastKnownFileType = sourcecode.swift; path = GitExampleAppTests.swift; sourceTree = "<group>"; };
		3A85B37A1E2B780F001155F6 /* Info.plist */ = {isa = PBXFileReference; lastKnownFileType = text.plist.xml; path = Info.plist; sourceTree = "<group>"; };
		3A85B37F1E2B780F001155F6 /* GitExampleAppUITests.xctest */ = {isa = PBXFileReference; explicitFileType = wrapper.cfbundle; includeInIndex = 0; path = GitExampleAppUITests.xctest; sourceTree = BUILT_PRODUCTS_DIR; };
		3A85B3831E2B780F001155F6 /* GitExampleAppUITests.swift */ = {isa = PBXFileReference; lastKnownFileType = sourcecode.swift; path = GitExampleAppUITests.swift; sourceTree = "<group>"; };
		3A85B3851E2B780F001155F6 /* Info.plist */ = {isa = PBXFileReference; lastKnownFileType = text.plist.xml; path = Info.plist; sourceTree = "<group>"; };
/* End PBXFileReference section */

/* Begin PBXFrameworksBuildPhase section */
		3A85B35D1E2B780F001155F6 /* Frameworks */ = {
			isa = PBXFrameworksBuildPhase;
			buildActionMask = 2147483647;
			files = (
			);
			runOnlyForDeploymentPostprocessing = 0;
		};
		3A85B3711E2B780F001155F6 /* Frameworks */ = {
			isa = PBXFrameworksBuildPhase;
			buildActionMask = 2147483647;
			files = (
			);
			runOnlyForDeploymentPostprocessing = 0;
		};
		3A85B37C1E2B780F001155F6 /* Frameworks */ = {
			isa = PBXFrameworksBuildPhase;
			buildActionMask = 2147483647;
			files = (
			);
			runOnlyForDeploymentPostprocessing = 0;
		};
/* End PBXFrameworksBuildPhase section */

/* Begin PBXGroup section */
		3A85B3571E2B780F001155F6 = {
			isa = PBXGroup;
			children = (
				3A85B3621E2B780F001155F6 /* GitExampleApp */,
				3A85B3771E2B780F001155F6 /* GitExampleAppTests */,
				3A85B3821E2B780F001155F6 /* GitExampleAppUITests */,
				3A85B3611E2B780F001155F6 /* Products */,
			);
			sourceTree = "<group>";
		};
		3A85B3611E2B780F001155F6 /* Products */ = {
			isa = PBXGroup;
			children = (
				3A85B3601E2B780F001155F6 /* GitExampleApp.app */,
				3A85B3741E2B780F001155F6 /* GitExampleAppTests.xctest */,
				3A85B37F1E2B780F001155F6 /* GitExampleAppUITests.xctest */,
			);
			name = Products;
			sourceTree = "<group>";
		};
		3A85B3621E2B780F001155F6 /* GitExampleApp */ = {
			isa = PBXGroup;
			children = (
				3A85B3631E2B780F001155F6 /* AppDelegate.swift */,
				3A85B3651E2B780F001155F6 /* ViewController.swift */,
				3A85B3671E2B780F001155F6 /* Main.storyboard */,
				3A85B36A1E2B780F001155F6 /* Assets.xcassets */,
				3A85B36C1E2B780F001155F6 /* LaunchScreen.storyboard */,
				3A85B36F1E2B780F001155F6 /* Info.plist */,
			);
			path = GitExampleApp;
			sourceTree = "<group>";
		};
		3A85B3771E2B780F001155F6 /* GitExampleAppTests */ = {
			isa = PBXGroup;
			children = (
				3A85B3781E2B780F001155F6 /* GitExampleAppTests.swift */,
				3A85B37A1E2B780F001155F6 /* Info.plist */,
			);
			path = GitExampleAppTests;
			sourceTree = "<group>";
		};
		3A85B3821E2B780F001155F6 /* GitExampleAppUITests */ = {
			isa = PBXGroup;
			children = (
				3A85B3831E2B780F001155F6 /* GitExampleAppUITests.swift */,
				3A85B3851E2B780F001155F6 /* Info.plist */,
			);
			path = GitExampleAppUITests;
			sourceTree = "<group>";
		};
/* End PBXGroup section */

/* Begin PBXNativeTarget section */
		3A85B35F1E2B780F001155F6 /* GitExampleApp */ = {
			isa = PBXNativeTarget;
			buildConfigurationList = 3A85B3881E2B780F001155F6 /* Build configuration list for PBXNativeTarget "GitExampleApp" */;
			buildPhases = (
				3A85B35C1E2B780F001155F6 /* Sources */,
				3A85B35D1E2B780F001155F6 /* Frameworks */,
				3A85B35E1E2B780F001155F6 /* Resources */,
			);
			buildRules = (
			);
			dependencies = (
			);
			name = GitExampleApp;
			productName = GitExampleApp;
			productReference = 3A85B3601E2B780F001155F6 /* GitExampleApp.app */;
			productType = "com.apple.product-type.application";
		};
		3A85B3731E2B780F001155F6 /* GitExampleAppTests */ = {
			isa = PBXNativeTarget;
			buildConfigurationList = 3A85B38B1E2B780F001155F6 /* Build configuration list for PBXNativeTarget "GitExampleAppTests" */;
			buildPhases = (
				3A85B3701E2B780F001155F6 /* Sources */,
				3A85B3711E2B780F001155F6 /* Frameworks */,
				3A85B3721E2B780F001155F6 /* Resources */,
			);
			buildRules = (
			);
			dependencies = (
				3A85B3761E2B780F001155F6 /* PBXTargetDependency */,
			);
			name = GitExampleAppTests;
			productName = GitExampleAppTests;
			productReference = 3A85B3741E2B780F001155F6 /* GitExampleAppTests.xctest */;
			productType = "com.apple.product-type.bundle.unit-test";
		};
		3A85B37E1E2B780F001155F6 /* GitExampleAppUITests */ = {
			isa = PBXNativeTarget;
			buildConfigurationList = 3A85B38E1E2B780F001155F6 /* Build configuration list for PBXNativeTarget "GitExampleAppUITests" */;
			buildPhases = (
				3A85B37B1E2B780F001155F6 /* Sources */,
				3A85B37C1E2B780F001155F6 /* Frameworks */,
				3A85B37D1E2B780F001155F6 /* Resources */,
			);
			buildRules = (
			);
			dependencies = (
				3A85B3811E2B780F001155F6 /* PBXTargetDependency */,
			);
			name = GitExampleAppUITests;
			productName = GitExampleAppUITests;
			productReference = 3A85B37F1E2B780F001155F6 /* GitExampleAppUITests.xctest */;
			productType = "com.apple.product-type.bundle.ui-testing";
		};
/* End PBXNativeTarget section */

/* Begin PBXProject section */
		3A85B3581E2B780F001155F6 /* Project object */ = {
			isa = PBXProject;
			attributes = {
				LastSwiftUpdateCheck = 0820;
				LastUpgradeCheck = 0820;
				ORGANIZATIONNAME = "Tyrint's Mac";
				TargetAttributes = {
					3A85B35F1E2B780F001155F6 = {
						CreatedOnToolsVersion = 8.2.1;
						ProvisioningStyle = Automatic;
					};
					3A85B3731E2B780F001155F6 = {
						CreatedOnToolsVersion = 8.2.1;
						ProvisioningStyle = Automatic;
						TestTargetID = 3A85B35F1E2B780F001155F6;
					};
					3A85B37E1E2B780F001155F6 = {
						CreatedOnToolsVersion = 8.2.1;
						ProvisioningStyle = Automatic;
						TestTargetID = 3A85B35F1E2B780F001155F6;
					};
				};
			};
			buildConfigurationList = 3A85B35B1E2B780F001155F6 /* Build configuration list for PBXProject "GitExampleApp" */;
			compatibilityVersion = "Xcode 3.2";
			developmentRegion = English;
			hasScannedForEncodings = 0;
			knownRegions = (
				en,
				Base,
			);
			mainGroup = 3A85B3571E2B780F001155F6;
			productRefGroup = 3A85B3611E2B780F001155F6 /* Products */;
			projectDirPath = "";
			projectRoot = "";
			targets = (
				3A85B35F1E2B780F001155F6 /* GitExampleApp */,
				3A85B3731E2B780F001155F6 /* GitExampleAppTests */,
				3A85B37E1E2B780F001155F6 /* GitExampleAppUITests */,
			);
		};
/* End PBXProject section */

/* Begin PBXResourcesBuildPhase section */
		3A85B35E1E2B780F001155F6 /* Resources */ = {
			isa = PBXResourcesBuildPhase;
			buildActionMask = 2147483647;
			files = (
				3A85B36E1E2B780F001155F6 /* LaunchScreen.storyboard in Resources */,
				3A85B36B1E2B780F001155F6 /* Assets.xcassets in Resources */,
				3A85B3691E2B780F001155F6 /* Main.storyboard in Resources */,
			);
			runOnlyForDeploymentPostprocessing = 0;
		};
		3A85B3721E2B780F001155F6 /* Resources */ = {
			isa = PBXResourcesBuildPhase;
			buildActionMask = 2147483647;
			files = (
			);
			runOnlyForDeploymentPostprocessing = 0;
		};
		3A85B37D1E2B780F001155F6 /* Resources */ = {
			isa = PBXResourcesBuildPhase;
			buildActionMask = 2147483647;
			files = (
			);
			runOnlyForDeploymentPostprocessing = 0;
		};
/* End PBXResourcesBuildPhase section */

/* Begin PBXSourcesBuildPhase section */
		3A85B35C1E2B780F001155F6 /* Sources */ = {
			isa = PBXSourcesBuildPhase;
			buildActionMask = 2147483647;
			files = (
				3A85B3661E2B780F001155F6 /* ViewController.swift in Sources */,
				3A85B3641E2B780F001155F6 /* AppDelegate.swift in Sources */,
			);
			runOnlyForDeploymentPostprocessing = 0;
		};
		3A85B3701E2B780F001155F6 /* Sources */ = {
			isa = PBXSourcesBuildPhase;
			buildActionMask = 2147483647;
			files = (
				3A85B3791E2B780F001155F6 /* GitExampleAppTests.swift in Sources */,
			);
			runOnlyForDeploymentPostprocessing = 0;
		};
		3A85B37B1E2B780F001155F6 /* Sources */ = {
			isa = PBXSourcesBuildPhase;
			buildActionMask = 2147483647;
			files = (
				3A85B3841E2B780F001155F6 /* GitExampleAppUITests.swift in Sources */,
			);
			runOnlyForDeploymentPostprocessing = 0;
		};
/* End PBXSourcesBuildPhase section */

/* Begin PBXTargetDependency section */
		3A85B3761E2B780F001155F6 /* PBXTargetDependency */ = {
			isa = PBXTargetDependency;
			target = 3A85B35F1E2B780F001155F6 /* GitExampleApp */;
			targetProxy = 3A85B3751E2B780F001155F6 /* PBXContainerItemProxy */;
		};
		3A85B3811E2B780F001155F6 /* PBXTargetDependency */ = {
			isa = PBXTargetDependency;
			target = 3A85B35F1E2B780F001155F6 /* GitExampleApp */;
			targetProxy = 3A85B3801E2B780F001155F6 /* PBXContainerItemProxy */;
		};
/* End PBXTargetDependency section */

/* Begin PBXVariantGroup section */
		3A85B3671E2B780F001155F6 /* Main.storyboard */ = {
			isa = PBXVariantGroup;
			children = (
				3A85B3681E2B780F001155F6 /* Base */,
			);
			name = Main.storyboard;
			sourceTree = "<group>";
		};
		3A85B36C1E2B780F001155F6 /* LaunchScreen.storyboard */ = {
			isa = PBXVariantGroup;
			children = (
				3A85B36D1E2B780F001155F6 /* Base */,
			);
			name = LaunchScreen.storyboard;
			sourceTree = "<group>";
		};
/* End PBXVariantGroup section */

/* Begin XCBuildConfiguration section */
		3A85B3861E2B780F001155F6 /* Debug */ = {
			isa = XCBuildConfiguration;
			buildSettings = {
				ALWAYS_SEARCH_USER_PATHS = NO;
				CLANG_ANALYZER_NONNULL = YES;
				CLANG_CXX_LANGUAGE_STANDARD = "gnu++0x";
				CLANG_CXX_LIBRARY = "libc++";
				CLANG_ENABLE_MODULES = YES;
				CLANG_ENABLE_OBJC_ARC = YES;
				CLANG_WARN_BOOL_CONVERSION = YES;
				CLANG_WARN_CONSTANT_CONVERSION = YES;
				CLANG_WARN_DIRECT_OBJC_ISA_USAGE = YES_ERROR;
				CLANG_WARN_DOCUMENTATION_COMMENTS = YES;
				CLANG_WARN_EMPTY_BODY = YES;
				CLANG_WARN_ENUM_CONVERSION = YES;
				CLANG_WARN_INFINITE_RECURSION = YES;
				CLANG_WARN_INT_CONVERSION = YES;
				CLANG_WARN_OBJC_ROOT_CLASS = YES_ERROR;
				CLANG_WARN_SUSPICIOUS_MOVE = YES;
				CLANG_WARN_UNREACHABLE_CODE = YES;
				CLANG_WARN__DUPLICATE_METHOD_MATCH = YES;
				"CODE_SIGN_IDENTITY[sdk=iphoneos*]" = "iPhone Developer";
				COPY_PHASE_STRIP = NO;
				DEBUG_INFORMATION_FORMAT = dwarf;
				ENABLE_STRICT_OBJC_MSGSEND = YES;
				ENABLE_TESTABILITY = YES;
				GCC_C_LANGUAGE_STANDARD = gnu99;
				GCC_DYNAMIC_NO_PIC = NO;
				GCC_NO_COMMON_BLOCKS = YES;
				GCC_OPTIMIZATION_LEVEL = 0;
				GCC_PREPROCESSOR_DEFINITIONS = (
					"DEBUG=1",
					"$(inherited)",
				);
				GCC_WARN_64_TO_32_BIT_CONVERSION = YES;
				GCC_WARN_ABOUT_RETURN_TYPE = YES_ERROR;
				GCC_WARN_UNDECLARED_SELECTOR = YES;
				GCC_WARN_UNINITIALIZED_AUTOS = YES_AGGRESSIVE;
				GCC_WARN_UNUSED_FUNCTION = YES;
				GCC_WARN_UNUSED_VARIABLE = YES;
				IPHONEOS_DEPLOYMENT_TARGET = 10.2;
				MTL_ENABLE_DEBUG_INFO = YES;
				ONLY_ACTIVE_ARCH = YES;
				SDKROOT = iphoneos;
				SWIFT_ACTIVE_COMPILATION_CONDITIONS = DEBUG;
				SWIFT_OPTIMIZATION_LEVEL = "-Onone";
				TARGETED_DEVICE_FAMILY = "1,2";
			};
			name = Debug;
		};
		3A85B3871E2B780F001155F6 /* Release */ = {
			isa = XCBuildConfiguration;
			buildSettings = {
				ALWAYS_SEARCH_USER_PATHS = NO;
				CLANG_ANALYZER_NONNULL = YES;
				CLANG_CXX_LANGUAGE_STANDARD = "gnu++0x";
				CLANG_CXX_LIBRARY = "libc++";
				CLANG_ENABLE_MODULES = YES;
				CLANG_ENABLE_OBJC_ARC = YES;
				CLANG_WARN_BOOL_CONVERSION = YES;
				CLANG_WARN_CONSTANT_CONVERSION = YES;
				CLANG_WARN_DIRECT_OBJC_ISA_USAGE = YES_ERROR;
				CLANG_WARN_DOCUMENTATION_COMMENTS = YES;
				CLANG_WARN_EMPTY_BODY = YES;
				CLANG_WARN_ENUM_CONVERSION = YES;
				CLANG_WARN_INFINITE_RECURSION = YES;
				CLANG_WARN_INT_CONVERSION = YES;
				CLANG_WARN_OBJC_ROOT_CLASS = YES_ERROR;
				CLANG_WARN_SUSPICIOUS_MOVE = YES;
				CLANG_WARN_UNREACHABLE_CODE = YES;
				CLANG_WARN__DUPLICATE_METHOD_MATCH = YES;
				"CODE_SIGN_IDENTITY[sdk=iphoneos*]" = "iPhone Developer";
				COPY_PHASE_STRIP = NO;
				DEBUG_INFORMATION_FORMAT = "dwarf-with-dsym";
				ENABLE_NS_ASSERTIONS = NO;
				ENABLE_STRICT_OBJC_MSGSEND = YES;
				GCC_C_LANGUAGE_STANDARD = gnu99;
				GCC_NO_COMMON_BLOCKS = YES;
				GCC_WARN_64_TO_32_BIT_CONVERSION = YES;
				GCC_WARN_ABOUT_RETURN_TYPE = YES_ERROR;
				GCC_WARN_UNDECLARED_SELECTOR = YES;
				GCC_WARN_UNINITIALIZED_AUTOS = YES_AGGRESSIVE;
				GCC_WARN_UNUSED_FUNCTION = YES;
				GCC_WARN_UNUSED_VARIABLE = YES;
				IPHONEOS_DEPLOYMENT_TARGET = 10.2;
				MTL_ENABLE_DEBUG_INFO = NO;
				SDKROOT = iphoneos;
				SWIFT_OPTIMIZATION_LEVEL = "-Owholemodule";
				TARGETED_DEVICE_FAMILY = "1,2";
				VALIDATE_PRODUCT = YES;
			};
			name = Release;
		};
		3A85B3891E2B780F001155F6 /* Debug */ = {
			isa = XCBuildConfiguration;
			buildSettings = {
				ASSETCATALOG_COMPILER_APPICON_NAME = AppIcon;
				INFOPLIST_FILE = GitExampleApp/Info.plist;
				LD_RUNPATH_SEARCH_PATHS = "$(inherited) @executable_path/Frameworks";
				PRODUCT_BUNDLE_IDENTIFIER = Quellz.GitExampleApp;
				PRODUCT_NAME = "$(TARGET_NAME)";
				SWIFT_VERSION = 3.0;
			};
			name = Debug;
		};
		3A85B38A1E2B780F001155F6 /* Release */ = {
			isa = XCBuildConfiguration;
			buildSettings = {
				ASSETCATALOG_COMPILER_APPICON_NAME = AppIcon;
				INFOPLIST_FILE = GitExampleApp/Info.plist;
				LD_RUNPATH_SEARCH_PATHS = "$(inherited) @executable_path/Frameworks";
				PRODUCT_BUNDLE_IDENTIFIER = Quellz.GitExampleApp;
				PRODUCT_NAME = "$(TARGET_NAME)";
				SWIFT_VERSION = 3.0;
			};
			name = Release;
		};
		3A85B38C1E2B780F001155F6 /* Debug */ = {
			isa = XCBuildConfiguration;
			buildSettings = {
				ALWAYS_EMBED_SWIFT_STANDARD_LIBRARIES = YES;
				BUNDLE_LOADER = "$(TEST_HOST)";
				INFOPLIST_FILE = GitExampleAppTests/Info.plist;
				LD_RUNPATH_SEARCH_PATHS = "$(inherited) @executable_path/Frameworks @loader_path/Frameworks";
				PRODUCT_BUNDLE_IDENTIFIER = Quellz.GitExampleAppTests;
				PRODUCT_NAME = "$(TARGET_NAME)";
				SWIFT_VERSION = 3.0;
				TEST_HOST = "$(BUILT_PRODUCTS_DIR)/GitExampleApp.app/GitExampleApp";
			};
			name = Debug;
		};
		3A85B38D1E2B780F001155F6 /* Release */ = {
			isa = XCBuildConfiguration;
			buildSettings = {
				ALWAYS_EMBED_SWIFT_STANDARD_LIBRARIES = YES;
				BUNDLE_LOADER = "$(TEST_HOST)";
				INFOPLIST_FILE = GitExampleAppTests/Info.plist;
				LD_RUNPATH_SEARCH_PATHS = "$(inherited) @executable_path/Frameworks @loader_path/Frameworks";
				PRODUCT_BUNDLE_IDENTIFIER = Quellz.GitExampleAppTests;
				PRODUCT_NAME = "$(TARGET_NAME)";
				SWIFT_VERSION = 3.0;
				TEST_HOST = "$(BUILT_PRODUCTS_DIR)/GitExampleApp.app/GitExampleApp";
			};
			name = Release;
		};
		3A85B38F1E2B780F001155F6 /* Debug */ = {
			isa = XCBuildConfiguration;
			buildSettings = {
				ALWAYS_EMBED_SWIFT_STANDARD_LIBRARIES = YES;
				INFOPLIST_FILE = GitExampleAppUITests/Info.plist;
				LD_RUNPATH_SEARCH_PATHS = "$(inherited) @executable_path/Frameworks @loader_path/Frameworks";
				PRODUCT_BUNDLE_IDENTIFIER = Quellz.GitExampleAppUITests;
				PRODUCT_NAME = "$(TARGET_NAME)";
				SWIFT_VERSION = 3.0;
				TEST_TARGET_NAME = GitExampleApp;
			};
			name = Debug;
		};
		3A85B3901E2B780F001155F6 /* Release */ = {
			isa = XCBuildConfiguration;
			buildSettings = {
				ALWAYS_EMBED_SWIFT_STANDARD_LIBRARIES = YES;
				INFOPLIST_FILE = GitExampleAppUITests/Info.plist;
				LD_RUNPATH_SEARCH_PATHS = "$(inherited) @executable_path/Frameworks @loader_path/Frameworks";
				PRODUCT_BUNDLE_IDENTIFIER = Quellz.GitExampleAppUITests;
				PRODUCT_NAME = "$(TARGET_NAME)";
				SWIFT_VERSION = 3.0;
				TEST_TARGET_NAME = GitExampleApp;
			};
			name = Release;
		};
/* End XCBuildConfiguration section */

/* Begin XCConfigurationList section */
		3A85B35B1E2B780F001155F6 /* Build configuration list for PBXProject "GitExampleApp" */ = {
			isa = XCConfigurationList;
			buildConfigurations = (
				3A85B3861E2B780F001155F6 /* Debug */,
				3A85B3871E2B780F001155F6 /* Release */,
			);
			defaultConfigurationIsVisible = 0;
			defaultConfigurationName = Release;
		};
		3A85B3881E2B780F001155F6 /* Build configuration list for PBXNativeTarget "GitExampleApp" */ = {
			isa = XCConfigurationList;
			buildConfigurations = (
				3A85B3891E2B780F001155F6 /* Debug */,
				3A85B38A1E2B780F001155F6 /* Release */,
			);
			defaultConfigurationIsVisible = 0;
		};
		3A85B38B1E2B780F001155F6 /* Build configuration list for PBXNativeTarget "GitExampleAppTests" */ = {
			isa = XCConfigurationList;
			buildConfigurations = (
				3A85B38C1E2B780F001155F6 /* Debug */,
				3A85B38D1E2B780F001155F6 /* Release */,
			);
			defaultConfigurationIsVisible = 0;
		};
		3A85B38E1E2B780F001155F6 /* Build configuration list for PBXNativeTarget "GitExampleAppUITests" */ = {
			isa = XCConfigurationList;
			buildConfigurations = (
				3A85B38F1E2B780F001155F6 /* Debug */,
				3A85B3901E2B780F001155F6 /* Release */,
			);
			defaultConfigurationIsVisible = 0;
		};
/* End XCConfigurationList section */
	};
	rootObject = 3A85B3581E2B780F001155F6 /* Project object */;
}
